{
  "name": "simple-js-distributed-storage",
  "version": "1.0.0",
  "lockfileVersion": 1,
  "requires": true,
  "dependencies": {
    "simple-js-hash-store": {
      "version": "1.0.6",
      "resolved": "https://registry.npmjs.org/simple-js-hash-store/-/simple-js-hash-store-1.0.6.tgz",
      "integrity": "sha512-YjrPWs2c5Imkig7AjKtIf9n/QWuO8oj4p4OGLhMAc9GVY2IgVuP/YV8QJ8Z9dSdALPGitYpIovWn4GsvzEDslQ==",
      "requires": {
        "simple-js-sha2-256": "^1.0.0"
      }
    },
    "simple-js-sha2-256": {
      "version": "1.0.6",
      "resolved": "https://registry.npmjs.org/simple-js-sha2-256/-/simple-js-sha2-256-1.0.6.tgz",
      "integrity": "sha512-gs1ShaCQtxG5CFyeJmhHdA1o3SkzuriRMFT+iNbsqOSgmOJmDb2q9eMmtshJWlL4uHq4LyGh+4Nwx34hNgnRGg=="
    }
  }
}
