{
  "name": "simple-js-distributed-storage",
  "version": "1.0.0",
  "lockfileVersion": 1,
  "requires": true,
  "dependencies": {
    "simple-js-hash-store": {
      "version": "1.0.4",
      "resolved": "https://registry.npmjs.org/simple-js-hash-store/-/simple-js-hash-store-1.0.4.tgz",
      "integrity": "sha512-vL3Q4xLlojJdhkzb0SWgjKg/1exSuHUTcpq7ER6CFbFMquKhi0YEIjvoakH0FKu+i9tB+m1UFwcR4x21VztDhg==",
      "requires": {
        "simple-js-sha2-256": "^1.0.0"
      }
    },
    "simple-js-sha2-256": {
      "version": "1.0.1",
      "resolved": "https://registry.npmjs.org/simple-js-sha2-256/-/simple-js-sha2-256-1.0.1.tgz",
      "integrity": "sha512-bT0EnEJIHFO/FIfElMPGM5XFN7BKcc/yqgkSLhMgAJSSmT1gDhBnIhGDBw10rhpwe/rYlAurMR476NQ5NdZzAg=="
    }
  }
}
